
Microsoft Visual Studio Solution File, Format Version 12.00
# Visual Studio Version 16
VisualStudioVersion = 16.0.34601.136
MinimumVisualStudioVersion = 10.0.40219.1
Project("{FAE04EC0-301F-11D3-BF4B-00C04F79EFBC}") = "SmsService", "SmsService\SmsService.csproj", "{1B79B2CC-0B11-45B7-AF2E-73D16D688446}"
EndProject
Global
	GlobalSection(SolutionConfigurationPlatforms) = preSolution
		Debug|Any CPU = Debug|Any CPU
		Release|Any CPU = Release|Any CPU
	EndGlobalSection
	GlobalSection(ProjectConfigurationPlatforms) = postSolution
		{1B79B2CC-0B11-45B7-AF2E-73D16D688446}.Debug|Any CPU.ActiveCfg = Debug|Any CPU
		{1B79B2CC-0B11-45B7-AF2E-73D16D688446}.Debug|Any CPU.Build.0 = Debug|Any CPU
		{1B79B2CC-0B11-45B7-AF2E-73D16D688446}.Release|Any CPU.ActiveCfg = Release|Any CPU
		{1B79B2CC-0B11-45B7-AF2E-73D16D688446}.Release|Any CPU.Build.0 = Release|Any CPU
	EndGlobalSection
	GlobalSection(SolutionProperties) = preSolution
		HideSolutionNode = FALSE
	EndGlobalSection
	GlobalSection(ExtensibilityGlobals) = postSolution
		SolutionGuid = {95CE6F02-E717-4F42-93C8-1A95275DC7F6}
	EndGlobalSection
EndGlobal
